{
  "name": "functions",
  "requires": true,
  "lockfileVersion": 1,
  "dependencies": {
    "actions-on-google": {
      "version": "2.8.0",
      "resolved": "https://registry.npmjs.org/actions-on-google/-/actions-on-google-2.8.0.tgz",
      "integrity": "sha512-vNMgrCSy9NlZAdLO3d5J+et8pfL0hKO83Dt4L4GQXRAIozTCYRWDYgDhPiQZtadekcwcrGIkUbidEF0Jo3snqw==",
      "dependencies": {
        "@types/node": {
          "version": "9.6.49",
          "resolved": "https://registry.npmjs.org/@types/node/-/node-9.6.49.tgz",
          "integrity": "sha512-YY0Okyn4QXC4ugJI+Kng5iWjK8A6eIHiQVaGIhJkyn0YL6Iqo0E0tBC8BuhvYcBK87vykBijM5FtMnCqaa5anA=="
        },
        "gaxios": {
          "version": "1.8.4",
          "resolved": "https://registry.npmjs.org/gaxios/-/gaxios-1.8.4.tgz",
          "integrity": "sha512-BoENMnu1Gav18HcpV9IleMPZ9exM+AvUjrAOV4Mzs/vfz2Lu/ABv451iEXByKiMPn2M140uul1txXCg83sAENw=="
        },
        "gcp-metadata": {
          "version": "0.6.3",
          "resolved": "https://registry.npmjs.org/gcp-metadata/-/gcp-metadata-0.6.3.tgz",
          "integrity": "sha512-MSmczZctbz91AxCvqp9GHBoZOSbJKAICV7Ow/AIWSJZRrRchUd5NL1b2P4OfP+4m490BEUPhhARfpHdqCxuCvg=="
        },
        "google-auth-library": {
          "version": "1.6.1",
          "resolved": "https://registry.npmjs.org/google-auth-library/-/google-auth-library-1.6.1.tgz",
          "integrity": "sha512-jYiWC8NA9n9OtQM7ANn0Tk464do9yhKEtaJ72pKcaBiEwn4LwcGYIYOfwtfsSm3aur/ed3tlSxbmg24IAT6gAg=="
        },
        "google-p12-pem": {
          "version": "1.0.4",
          "resolved": "https://registry.npmjs.org/google-p12-pem/-/google-p12-pem-1.0.4.tgz",
          "integrity": "sha512-SwLAUJqUfTB2iS+wFfSS/G9p7bt4eWcc2LyfvmUXe7cWp6p3mpxDo6LLI29MXdU6wvPcQ/up298X7GMC5ylAlA=="
        },
        "gtoken": {
          "version": "2.3.3",
          "resolved": "https://registry.npmjs.org/gtoken/-/gtoken-2.3.3.tgz",
          "integrity": "sha512-EaB49bu/TCoNeQjhCYKI/CurooBKkGxIqFHsWABW0b25fobBYVTMe84A8EBVVZhl8emiUdNypil9huMOTmyAnw=="
        },
        "lru-cache": {
          "version": "4.1.5",
          "resolved": "https://registry.npmjs.org/lru-cache/-/lru-cache-4.1.5.tgz",
          "integrity": "sha512-sWZlbEP2OsHNkXrMl5GYk/jKk70MBng6UU4YI/qGDYbgf6YbP4EvmqISbXCoJiRKs+1bSpFHVgQxvJ17F2li5g=="
        },
        "node-forge": {
          "version": "0.8.5",
          "resolved": "https://registry.npmjs.org/node-forge/-/node-forge-0.8.5.tgz",
          "integrity": "sha512-vFMQIWt+J/7FLNyKouZ9TazT74PRV3wgv9UT4cRjC8BffxFbKXkgIWR42URCPSnHm/QDz6BOlb2Q0U4+VQT67Q=="
        },
        "yallist": {
          "version": "2.1.2",
          "resolved": "https://registry.npmjs.org/yallist/-/yallist-2.1.2.tgz",
          "integrity": "sha1-HBH5IY8HYImkfdUS+TxmmaaoHVI="
        }
      }
    },
    "babel-plugin-transform-es2015-modules-commonjs": {
      "version": "6.26.2",
      "resolved": "https://registry.npmjs.org/babel-plugin-transform-es2015-modules-commonjs/-/babel-plugin-transform-es2015-modules-commonjs-6.26.2.tgz",
      "integrity": "sha512-CV9ROOHEdrjcwhIaJNBGMBCodN+1cfkwtM1SbUHmvyy35KGT7fohbpOxkE2uLz1o6odKK2Ck/tz47z+VqQfi9Q==",
      "dev": true
    },
    "eslint": {
      "version": "5.16.0",
      "resolved": "https://registry.npmjs.org/eslint/-/eslint-5.16.0.tgz",
      "integrity": "sha512-S3Rz11i7c8AA5JPv7xAH+dOyq/Cu/VXHiHXBPOU1k/JAM5dXqQPt3qcrhpHSorXmrpu2g0gkIBVXAqCpzfoZIg==",
      "dev": true,
      "dependencies": {
        "debug": {
          "version": "4.1.1",
          "resolved": "https://registry.npmjs.org/debug/-/debug-4.1.1.tgz",
          "integrity": "sha512-pYAIzeRo8J6KPEaJ0VWOh5Pzkbw/RetuzehGM7QRRX5he4fPHx2rdKMB256ehJCkX+XRQm16eZLqLNS8RSZXZw=="
        },
        "semver": {
          "version": "5.7.0",
          "resolved": "https://registry.npmjs.org/semver/-/semver-5.7.0.tgz",
          "integrity": "sha512-Ya52jSX2u7QKghxeoFGpLwCtGlt7j0oY9DYb5apt9nPlJ42ID+ulTXESnt/qAQcoSERyZ5sl3LDIOw0nAn/5DA=="
        }
      }
    },
    "eslint-plugin-promise": {
      "version": "4.2.1",
      "resolved": "https://registry.npmjs.org/eslint-plugin-promise/-/eslint-plugin-promise-4.2.1.tgz",
      "integrity": "sha512-VoM09vT7bfA7D+upt+FjeBO5eHIJQBUWki1aPvB+vbNiHS3+oGIJGIeyBtKQTME6UPXXy3vV07OL1tHd3ANuDw==",
      "dev": true
    },
    "fast-xml-parser": {
      "version": "3.12.16",
      "resolved": "https://registry.npmjs.org/fast-xml-parser/-/fast-xml-parser-3.12.16.tgz",
      "integrity": "sha512-7ePrHTK4K9BLzY3+6ZOv2YEPOpdYJg3ohyMHxacG6kp1A0Y8KNyjrFfEHJuo8G4T7vT7cIlIXGWoHdIWu9U41A=="
    },
    "firebase-admin": {
      "version": "8.2.0",
      "resolved": "https://registry.npmjs.org/firebase-admin/-/firebase-admin-8.2.0.tgz",
      "integrity": "sha512-SiF4ivEknRWvwtFLgUxfxN7kR6/3bcoNd7pXVKPcszW6lHcMXe5qY58MwKIfDTN1JlayBiwkZjealnGZ2G8/Yg=="
    },
    "firebase-functions": {
      "version": "3.1.0",
      "resolved": "https://registry.npmjs.org/firebase-functions/-/firebase-functions-3.1.0.tgz",
      "integrity": "sha512-cv2waFVZiiwPSa1lnuBpRZT1kBRJmGqFDOIbvd8GHGHYEwGUFNrHq3naqYtydWa6f6re57LKLzVa+o9Muf7ysA==",
      "dependencies": {
        "jsonwebtoken": {
          "version": "8.5.1",
          "resolved": "https://registry.npmjs.org/jsonwebtoken/-/jsonwebtoken-8.5.1.tgz",
          "integrity": "sha512-XjwVfRS6jTMsqYs0EsuJ4LGxXV14zQybNd4L2r0UvbVnSF9Af8x7p5MzbJ90Ioz/9TI41/hTCvznF/loiSzn8w=="
        },
        "semver": {
          "version": "5.7.0",
          "resolved": "https://registry.npmjs.org/semver/-/semver-5.7.0.tgz",
          "integrity": "sha512-Ya52jSX2u7QKghxeoFGpLwCtGlt7j0oY9DYb5apt9nPlJ42ID+ulTXESnt/qAQcoSERyZ5sl3LDIOw0nAn/5DA=="
        }
      }
    },
    "firebase-functions-test": {
      "version": "0.1.6",
      "resolved": "https://registry.npmjs.org/firebase-functions-test/-/firebase-functions-test-0.1.6.tgz",
      "integrity": "sha512-sITLbQunI75gL690qFOq4mqxUEcdETEbY4HcLFawWVJC3PmlSFt81mhfZjJe45GJTt1+7xeowaHQx3jpnoPNpA==",
      "dev": true
    },
    "jest": {
      "version": "24.8.0",
      "resolved": "https://registry.npmjs.org/jest/-/jest-24.8.0.tgz",
      "integrity": "sha512-o0HM90RKFRNWmAWvlyV8i5jGZ97pFwkeVoGvPW1EtLTgJc2+jcuqcbbqcSZLE/3f2S5pt0y2ZBETuhpWNl1Reg==",
      "dev": true,
      "dependencies": {
        "jest-cli": {
          "version": "24.8.0",
          "resolved": "https://registry.npmjs.org/jest-cli/-/jest-cli-24.8.0.tgz",
          "integrity": "sha512-+p6J00jSMPQ116ZLlHJJvdf8wbjNbZdeSX9ptfHX06/MSNaXmKihQzx5vQcw0q2G6JsdVkUIdWbOWtSnaYs3yA=="
        }
      }
    },
    "moment": {
      "version": "2.29.4",
      "resolved": "https://registry.npmjs.org/moment/-/moment-2.29.4.tgz",
      "integrity": "sha512-5LC9SOxjSc2HF6vO2CyuTDNivEdoz2IvyJJGj6X8DJ0eFyfszE0QiEd+iXmBvUP3WHxSjFH/vIsA0EN00cgr8w=="
    },
    "request": {
      "version": "2.88.0",
      "resolved": "https://registry.npmjs.org/request/-/request-2.88.0.tgz",
      "integrity": "sha512-NAqBSrijGLZdM0WZNsInLJpkJokL72XYjUpnB0iwsRgxh7dB6COrHnTBNwN0E+lHDAJzu7kLAkDeY08z2/A0hg==",
      "dependencies": {
        "qs": {
          "version": "6.5.2",
          "resolved": "https://registry.npmjs.org/qs/-/qs-6.5.2.tgz",
          "integrity": "sha512-N5ZAX4/LxJmF+7wN74pUD6qAh9/wnvdQcjq9TZjevvXzSUo7bfmw91saqMjzGS2xq91/odN2dW/WOl7qQHNDGA=="
        }
      }
    },
    "request-promise": {
      "version": "4.2.4",
      "resolved": "https://registry.npmjs.org/request-promise/-/request-promise-4.2.4.tgz",
      "integrity": "sha512-8wgMrvE546PzbR5WbYxUQogUnUDfM0S7QIFZMID+J73vdFARkFy+HElj4T+MWYhpXwlLp0EQ8Zoj8xUA0he4Vg=="
    },
    "xml-to-json-stream": {
      "version": "1.1.0",
      "resolved": "https://registry.npmjs.org/xml-to-json-stream/-/xml-to-json-stream-1.1.0.tgz",
      "integrity": "sha512-JaxUCQOk9+KajLNUV51elxlXI8cmN9rX4LVuhdCUtD7Z6N3lBsaD6l6caqjBPB1rieCZXviaoq4OKwAeup4RhA=="
    }
  }
}
